
Microsoft Visual Studio Solution File, Format Version 12.00
# Visual Studio Version 17
VisualStudioVersion = 17.12.35527.113
MinimumVisualStudioVersion = 10.0.40219.1
Project("{FAE04EC0-301F-11D3-BF4B-00C04F79EFBC}") = "ClubMembershipApplication", "ClubMembershipApplication\ClubMembershipApplication.csproj", "{DA4F40B0-4A3E-404D-840F-9485A15BC487}"
EndProject
Project("{FAE04EC0-301F-11D3-BF4B-00C04F79EFBC}") = "FieldValidatorAPI", "FieldValidatorAPI\FieldValidatorAPI.csproj", "{A4A0E7D5-19A4-456C-9223-4D1CB3A594D1}"
EndProject
Global
	GlobalSection(SolutionConfigurationPlatforms) = preSolution
		Debug|Any CPU = Debug|Any CPU
		Release|Any CPU = Release|Any CPU
	EndGlobalSection
	GlobalSection(ProjectConfigurationPlatforms) = postSolution
		{DA4F40B0-4A3E-404D-840F-9485A15BC487}.Debug|Any CPU.ActiveCfg = Debug|Any CPU
		{DA4F40B0-4A3E-404D-840F-9485A15BC487}.Debug|Any CPU.Build.0 = Debug|Any CPU
		{DA4F40B0-4A3E-404D-840F-9485A15BC487}.Release|Any CPU.ActiveCfg = Release|Any CPU
		{DA4F40B0-4A3E-404D-840F-9485A15BC487}.Release|Any CPU.Build.0 = Release|Any CPU
		{A4A0E7D5-19A4-456C-9223-4D1CB3A594D1}.Debug|Any CPU.ActiveCfg = Debug|Any CPU
		{A4A0E7D5-19A4-456C-9223-4D1CB3A594D1}.Debug|Any CPU.Build.0 = Debug|Any CPU
		{A4A0E7D5-19A4-456C-9223-4D1CB3A594D1}.Release|Any CPU.ActiveCfg = Release|Any CPU
		{A4A0E7D5-19A4-456C-9223-4D1CB3A594D1}.Release|Any CPU.Build.0 = Release|Any CPU
	EndGlobalSection
	GlobalSection(SolutionProperties) = preSolution
		HideSolutionNode = FALSE
	EndGlobalSection
EndGlobal
